
Microsoft Visual Studio Solution File, Format Version 12.00
# Visual Studio 15
VisualStudioVersion = 15.0.28307.1169
MinimumVisualStudioVersion = 10.0.40219.1
Project("{FAE04EC0-301F-11D3-BF4B-00C04F79EFBC}") = "Multiples3And5", "Multiples3And5\Multiples3And5.csproj", "{66B978EE-EEC6-42D4-8D00-5762E24146DE}"
EndProject
Global
	GlobalSection(SolutionConfigurationPlatforms) = preSolution
		Debug|Any CPU = Debug|Any CPU
		Release|Any CPU = Release|Any CPU
	EndGlobalSection
	GlobalSection(ProjectConfigurationPlatforms) = postSolution
		{66B978EE-EEC6-42D4-8D00-5762E24146DE}.Debug|Any CPU.ActiveCfg = Debug|Any CPU
		{66B978EE-EEC6-42D4-8D00-5762E24146DE}.Debug|Any CPU.Build.0 = Debug|Any CPU
		{66B978EE-EEC6-42D4-8D00-5762E24146DE}.Release|Any CPU.ActiveCfg = Release|Any CPU
		{66B978EE-EEC6-42D4-8D00-5762E24146DE}.Release|Any CPU.Build.0 = Release|Any CPU
	EndGlobalSection
	GlobalSection(SolutionProperties) = preSolution
		HideSolutionNode = FALSE
	EndGlobalSection
	GlobalSection(ExtensibilityGlobals) = postSolution
		SolutionGuid = {F14794F4-4F88-45DF-AB73-611FEA008299}
	EndGlobalSection
EndGlobal
